PODS:
  - OpenSSL-Universal (1.1.180)
  - VikycSDK (0.1.0):
    - OpenSSL-Universal

DEPENDENCIES:
  - VikycSDK (from `../`)

SPEC REPOS:
  trunk:
    - OpenSSL-Universal

EXTERNAL SOURCES:
  VikycSDK:
    :path: "../"

SPEC CHECKSUMS:
  OpenSSL-Universal: 1aa4f6a6ee7256b83db99ec1ccdaa80d10f9af9b
  VikycSDK: dc2bd9bc2df737f116a4cf1100db7f401c1c1907

PODFILE CHECKSUM: 48db7385acd14c05d3d1caeffa32095b4b9ce4f5

COCOAPODS: 1.11.3
